
Microsoft Visual Studio Solution File, Format Version 12.00
# Visual Studio Version 17
VisualStudioVersion = 17.1.32210.238
MinimumVisualStudioVersion = 10.0.40219.1
Project("{FAE04EC0-301F-11D3-BF4B-00C04F79EFBC}") = "learn api", "learn api\learn api.csproj", "{EEDAD4B9-7F39-4F59-93F5-E2A0FB15205E}"
EndProject
Global
	GlobalSection(SolutionConfigurationPlatforms) = preSolution
		Debug|Any CPU = Debug|Any CPU
		Release|Any CPU = Release|Any CPU
	EndGlobalSection
	GlobalSection(ProjectConfigurationPlatforms) = postSolution
		{EEDAD4B9-7F39-4F59-93F5-E2A0FB15205E}.Debug|Any CPU.ActiveCfg = Debug|Any CPU
		{EEDAD4B9-7F39-4F59-93F5-E2A0FB15205E}.Debug|Any CPU.Build.0 = Debug|Any CPU
		{EEDAD4B9-7F39-4F59-93F5-E2A0FB15205E}.Release|Any CPU.ActiveCfg = Release|Any CPU
		{EEDAD4B9-7F39-4F59-93F5-E2A0FB15205E}.Release|Any CPU.Build.0 = Release|Any CPU
	EndGlobalSection
	GlobalSection(SolutionProperties) = preSolution
		HideSolutionNode = FALSE
	EndGlobalSection
	GlobalSection(ExtensibilityGlobals) = postSolution
		SolutionGuid = {7EF47C99-957E-4F79-98AF-FCACE98F7761}
	EndGlobalSection
EndGlobal
